// !$*UTF8*$!
{
	archiveVersion = 1;
	classes = {
	};
	objectVersion = 46;
	objects = {

/* Begin PBXBuildFile section */
		CABDB38A1AFFC030008CF3E1 /* main.m in Sources */ = {isa = PBXBuildFile; fileRef = CABDB3891AFFC030008CF3E1 /* main.m */; };
		CABDB38D1AFFC030008CF3E1 /* AppDelegate.m in Sources */ = {isa = PBXBuildFile; fileRef = CABDB38C1AFFC030008CF3E1 /* AppDelegate.m */; };
		CABDB3901AFFC030008CF3E1 /* ViewController.m in Sources */ = {isa = PBXBuildFile; fileRef = CABDB38F1AFFC030008CF3E1 /* ViewController.m */; };
		CABDB3931AFFC030008CF3E1 /* Main.storyboard in Resources */ = {isa = PBXBuildFile; fileRef = CABDB3911AFFC030008CF3E1 /* Main.storyboard */; };
		CABDB3951AFFC030008CF3E1 /* Images.xcassets in Resources */ = {isa = PBXBuildFile; fileRef = CABDB3941AFFC030008CF3E1 /* Images.xcassets */; };
		CABDB3981AFFC030008CF3E1 /* LaunchScreen.xib in Resources */ = {isa = PBXBuildFile; fileRef = CABDB3961AFFC030008CF3E1 /* LaunchScreen.xib */; };
		CABDB3A41AFFC030008CF3E1 /* GolfNationTests.m in Sources */ = {isa = PBXBuildFile; fileRef = CABDB3A31AFFC030008CF3E1 /* GolfNationTests.m */; };
/* End PBXBuildFile section */

/* Begin PBXContainerItemProxy section */
		CABDB39E1AFFC030008CF3E1 /* PBXContainerItemProxy */ = {
			isa = PBXContainerItemProxy;
			containerPortal = CABDB37C1AFFC030008CF3E1 /* Project object */;
			proxyType = 1;
			remoteGlobalIDString = CABDB3831AFFC030008CF3E1;
			remoteInfo = GolfNation;
		};
/* End PBXContainerItemProxy section */

/* Begin PBXFileReference section */
		CABDB3841AFFC030008CF3E1 /* GolfNation.app */ = {isa = PBXFileReference; explicitFileType = wrapper.application; includeInIndex = 0; path = GolfNation.app; sourceTree = BUILT_PRODUCTS_DIR; };
		CABDB3881AFFC030008CF3E1 /* Info.plist */ = {isa = PBXFileReference; lastKnownFileType = text.plist.xml; path = Info.plist; sourceTree = "<group>"; };
		CABDB3891AFFC030008CF3E1 /* main.m */ = {isa = PBXFileReference; lastKnownFileType = sourcecode.c.objc; path = main.m; sourceTree = "<group>"; };
		CABDB38B1AFFC030008CF3E1 /* AppDelegate.h */ = {isa = PBXFileReference; lastKnownFileType = sourcecode.c.h; path = AppDelegate.h; sourceTree = "<group>"; };
		CABDB38C1AFFC030008CF3E1 /* AppDelegate.m */ = {isa = PBXFileReference; lastKnownFileType = sourcecode.c.objc; path = AppDelegate.m; sourceTree = "<group>"; };
		CABDB38E1AFFC030008CF3E1 /* ViewController.h */ = {isa = PBXFileReference; lastKnownFileType = sourcecode.c.h; path = ViewController.h; sourceTree = "<group>"; };
		CABDB38F1AFFC030008CF3E1 /* ViewController.m */ = {isa = PBXFileReference; lastKnownFileType = sourcecode.c.objc; path = ViewController.m; sourceTree = "<group>"; };
		CABDB3921AFFC030008CF3E1 /* Base */ = {isa = PBXFileReference; lastKnownFileType = file.storyboard; name = Base; path = Base.lproj/Main.storyboard; sourceTree = "<group>"; };
		CABDB3941AFFC030008CF3E1 /* Images.xcassets */ = {isa = PBXFileReference; lastKnownFileType = folder.assetcatalog; path = Images.xcassets; sourceTree = "<group>"; };
		CABDB3971AFFC030008CF3E1 /* Base */ = {isa = PBXFileReference; lastKnownFileType = file.xib; name = Base; path = Base.lproj/LaunchScreen.xib; sourceTree = "<group>"; };
		CABDB39D1AFFC030008CF3E1 /* GolfNationTests.xctest */ = {isa = PBXFileReference; explicitFileType = wrapper.cfbundle; includeInIndex = 0; path = GolfNationTests.xctest; sourceTree = BUILT_PRODUCTS_DIR; };
		CABDB3A21AFFC030008CF3E1 /* Info.plist */ = {isa = PBXFileReference; lastKnownFileType = text.plist.xml; path = Info.plist; sourceTree = "<group>"; };
		CABDB3A31AFFC030008CF3E1 /* GolfNationTests.m */ = {isa = PBXFileReference; lastKnownFileType = sourcecode.c.objc; path = GolfNationTests.m; sourceTree = "<group>"; };
/* End PBXFileReference section */

/* Begin PBXFrameworksBuildPhase section */
		CABDB3811AFFC030008CF3E1 /* Frameworks */ = {
			isa = PBXFrameworksBuildPhase;
			buildActionMask = 2147483647;
			files = (
			);
			runOnlyForDeploymentPostprocessing = 0;
		};
		CABDB39A1AFFC030008CF3E1 /* Frameworks */ = {
			isa = PBXFrameworksBuildPhase;
			buildActionMask = 2147483647;
			files = (
			);
			runOnlyForDeploymentPostprocessing = 0;
		};
/* End PBXFrameworksBuildPhase section */

/* Begin PBXGroup section */
		CABDB37B1AFFC030008CF3E1 = {
			isa = PBXGroup;
			children = (
				CABDB3861AFFC030008CF3E1 /* GolfNation */,
				CABDB3A01AFFC030008CF3E1 /* GolfNationTests */,
				CABDB3851AFFC030008CF3E1 /* Products */,
			);
			sourceTree = "<group>";
		};
		CABDB3851AFFC030008CF3E1 /* Products */ = {
			isa = PBXGroup;
			children = (
				CABDB3841AFFC030008CF3E1 /* GolfNation.app */,
				CABDB39D1AFFC030008CF3E1 /* GolfNationTests.xctest */,
			);
			name = Products;
			sourceTree = "<group>";
		};
		CABDB3861AFFC030008CF3E1 /* GolfNation */ = {
			isa = PBXGroup;
			children = (
				CABDB38B1AFFC030008CF3E1 /* AppDelegate.h */,
				CABDB38C1AFFC030008CF3E1 /* AppDelegate.m */,
				CABDB38E1AFFC030008CF3E1 /* ViewController.h */,
				CABDB38F1AFFC030008CF3E1 /* ViewController.m */,
				CABDB3911AFFC030008CF3E1 /* Main.storyboard */,
				CABDB3941AFFC030008CF3E1 /* Images.xcassets */,
				CABDB3961AFFC030008CF3E1 /* LaunchScreen.xib */,
				CABDB3871AFFC030008CF3E1 /* Supporting Files */,
			);
			path = GolfNation;
			sourceTree = "<group>";
		};
		CABDB3871AFFC030008CF3E1 /* Supporting Files */ = {
			isa = PBXGroup;
			children = (
				CABDB3881AFFC030008CF3E1 /* Info.plist */,
				CABDB3891AFFC030008CF3E1 /* main.m */,
			);
			name = "Supporting Files";
			sourceTree = "<group>";
		};
		CABDB3A01AFFC030008CF3E1 /* GolfNationTests */ = {
			isa = PBXGroup;
			children = (
				CABDB3A31AFFC030008CF3E1 /* GolfNationTests.m */,
				CABDB3A11AFFC030008CF3E1 /* Supporting Files */,
			);
			path = GolfNationTests;
			sourceTree = "<group>";
		};
		CABDB3A11AFFC030008CF3E1 /* Supporting Files */ = {
			isa = PBXGroup;
			children = (
				CABDB3A21AFFC030008CF3E1 /* Info.plist */,
			);
			name = "Supporting Files";
			sourceTree = "<group>";
		};
/* End PBXGroup section */

/* Begin PBXNativeTarget section */
		CABDB3831AFFC030008CF3E1 /* GolfNation */ = {
			isa = PBXNativeTarget;
			buildConfigurationList = CABDB3A71AFFC030008CF3E1 /* Build configuration list for PBXNativeTarget "GolfNation" */;
			buildPhases = (
				CABDB3801AFFC030008CF3E1 /* Sources */,
				CABDB3811AFFC030008CF3E1 /* Frameworks */,
				CABDB3821AFFC030008CF3E1 /* Resources */,
			);
			buildRules = (
			);
			dependencies = (
			);
			name = GolfNation;
			productName = GolfNation;
			productReference = CABDB3841AFFC030008CF3E1 /* GolfNation.app */;
			productType = "com.apple.product-type.application";
		};
		CABDB39C1AFFC030008CF3E1 /* GolfNationTests */ = {
			isa = PBXNativeTarget;
			buildConfigurationList = CABDB3AA1AFFC030008CF3E1 /* Build configuration list for PBXNativeTarget "GolfNationTests" */;
			buildPhases = (
				CABDB3991AFFC030008CF3E1 /* Sources */,
				CABDB39A1AFFC030008CF3E1 /* Frameworks */,
				CABDB39B1AFFC030008CF3E1 /* Resources */,
			);
			buildRules = (
			);
			dependencies = (
				CABDB39F1AFFC030008CF3E1 /* PBXTargetDependency */,
			);
			name = GolfNationTests;
			productName = GolfNationTests;
			productReference = CABDB39D1AFFC030008CF3E1 /* GolfNationTests.xctest */;
			productType = "com.apple.product-type.bundle.unit-test";
		};
/* End PBXNativeTarget section */

/* Begin PBXProject section */
		CABDB37C1AFFC030008CF3E1 /* Project object */ = {
			isa = PBXProject;
			attributes = {
				LastUpgradeCheck = 0630;
				ORGANIZATIONNAME = "Giang Tran";
				TargetAttributes = {
					CABDB3831AFFC030008CF3E1 = {
						CreatedOnToolsVersion = 6.3.1;
					};
					CABDB39C1AFFC030008CF3E1 = {
						CreatedOnToolsVersion = 6.3.1;
						TestTargetID = CABDB3831AFFC030008CF3E1;
					};
				};
			};
			buildConfigurationList = CABDB37F1AFFC030008CF3E1 /* Build configuration list for PBXProject "GolfNation" */;
			compatibilityVersion = "Xcode 3.2";
			developmentRegion = English;
			hasScannedForEncodings = 0;
			knownRegions = (
				en,
				Base,
			);
			mainGroup = CABDB37B1AFFC030008CF3E1;
			productRefGroup = CABDB3851AFFC030008CF3E1 /* Products */;
			projectDirPath = "";
			projectRoot = "";
			targets = (
				CABDB3831AFFC030008CF3E1 /* GolfNation */,
				CABDB39C1AFFC030008CF3E1 /* GolfNationTests */,
			);
		};
/* End PBXProject section */

/* Begin PBXResourcesBuildPhase section */
		CABDB3821AFFC030008CF3E1 /* Resources */ = {
			isa = PBXResourcesBuildPhase;
			buildActionMask = 2147483647;
			files = (
				CABDB3931AFFC030008CF3E1 /* Main.storyboard in Resources */,
				CABDB3981AFFC030008CF3E1 /* LaunchScreen.xib in Resources */,
				CABDB3951AFFC030008CF3E1 /* Images.xcassets in Resources */,
			);
			runOnlyForDeploymentPostprocessing = 0;
		};
		CABDB39B1AFFC030008CF3E1 /* Resources */ = {
			isa = PBXResourcesBuildPhase;
			buildActionMask = 2147483647;
			files = (
			);
			runOnlyForDeploymentPostprocessing = 0;
		};
/* End PBXResourcesBuildPhase section */

/* Begin PBXSourcesBuildPhase section */
		CABDB3801AFFC030008CF3E1 /* Sources */ = {
			isa = PBXSourcesBuildPhase;
			buildActionMask = 2147483647;
			files = (
				CABDB3901AFFC030008CF3E1 /* ViewController.m in Sources */,
				CABDB38D1AFFC030008CF3E1 /* AppDelegate.m in Sources */,
				CABDB38A1AFFC030008CF3E1 /* main.m in Sources */,
			);
			runOnlyForDeploymentPostprocessing = 0;
		};
		CABDB3991AFFC030008CF3E1 /* Sources */ = {
			isa = PBXSourcesBuildPhase;
			buildActionMask = 2147483647;
			files = (
				CABDB3A41AFFC030008CF3E1 /* GolfNationTests.m in Sources */,
			);
			runOnlyForDeploymentPostprocessing = 0;
		};
/* End PBXSourcesBuildPhase section */

/* Begin PBXTargetDependency section */
		CABDB39F1AFFC030008CF3E1 /* PBXTargetDependency */ = {
			isa = PBXTargetDependency;
			target = CABDB3831AFFC030008CF3E1 /* GolfNation */;
			targetProxy = CABDB39E1AFFC030008CF3E1 /* PBXContainerItemProxy */;
		};
/* End PBXTargetDependency section */

/* Begin PBXVariantGroup section */
		CABDB3911AFFC030008CF3E1 /* Main.storyboard */ = {
			isa = PBXVariantGroup;
			children = (
				CABDB3921AFFC030008CF3E1 /* Base */,
			);
			name = Main.storyboard;
			sourceTree = "<group>";
		};
		CABDB3961AFFC030008CF3E1 /* LaunchScreen.xib */ = {
			isa = PBXVariantGroup;
			children = (
				CABDB3971AFFC030008CF3E1 /* Base */,
			);
			name = LaunchScreen.xib;
			sourceTree = "<group>";
		};
/* End PBXVariantGroup section */

/* Begin XCBuildConfiguration section */
		CABDB3A51AFFC030008CF3E1 /* Debug */ = {
			isa = XCBuildConfiguration;
			buildSettings = {
				ALWAYS_SEARCH_USER_PATHS = NO;
				CLANG_CXX_LANGUAGE_STANDARD = "gnu++0x";
				CLANG_CXX_LIBRARY = "libc++";
				CLANG_ENABLE_MODULES = YES;
				CLANG_ENABLE_OBJC_ARC = YES;
				CLANG_WARN_BOOL_CONVERSION = YES;
				CLANG_WARN_CONSTANT_CONVERSION = YES;
				CLANG_WARN_DIRECT_OBJC_ISA_USAGE = YES_ERROR;
				CLANG_WARN_EMPTY_BODY = YES;
				CLANG_WARN_ENUM_CONVERSION = YES;
				CLANG_WARN_INT_CONVERSION = YES;
				CLANG_WARN_OBJC_ROOT_CLASS = YES_ERROR;
				CLANG_WARN_UNREACHABLE_CODE = YES;
				CLANG_WARN__DUPLICATE_METHOD_MATCH = YES;
				"CODE_SIGN_IDENTITY[sdk=iphoneos*]" = "iPhone Developer";
				COPY_PHASE_STRIP = NO;
				DEBUG_INFORMATION_FORMAT = "dwarf-with-dsym";
				ENABLE_STRICT_OBJC_MSGSEND = YES;
				GCC_C_LANGUAGE_STANDARD = gnu99;
				GCC_DYNAMIC_NO_PIC = NO;
				GCC_NO_COMMON_BLOCKS = YES;
				GCC_OPTIMIZATION_LEVEL = 0;
				GCC_PREPROCESSOR_DEFINITIONS = (
					"DEBUG=1",
					"$(inherited)",
				);
				GCC_SYMBOLS_PRIVATE_EXTERN = NO;
				GCC_WARN_64_TO_32_BIT_CONVERSION = YES;
				GCC_WARN_ABOUT_RETURN_TYPE = YES_ERROR;
				GCC_WARN_UNDECLARED_SELECTOR = YES;
				GCC_WARN_UNINITIALIZED_AUTOS = YES_AGGRESSIVE;
				GCC_WARN_UNUSED_FUNCTION = YES;
				GCC_WARN_UNUSED_VARIABLE = YES;
				IPHONEOS_DEPLOYMENT_TARGET = 8.3;
				MTL_ENABLE_DEBUG_INFO = YES;
				ONLY_ACTIVE_ARCH = YES;
				SDKROOT = iphoneos;
			};
			name = Debug;
		};
		CABDB3A61AFFC030008CF3E1 /* Release */ = {
			isa = XCBuildConfiguration;
			buildSettings = {
				ALWAYS_SEARCH_USER_PATHS = NO;
				CLANG_CXX_LANGUAGE_STANDARD = "gnu++0x";
				CLANG_CXX_LIBRARY = "libc++";
				CLANG_ENABLE_MODULES = YES;
				CLANG_ENABLE_OBJC_ARC = YES;
				CLANG_WARN_BOOL_CONVERSION = YES;
				CLANG_WARN_CONSTANT_CONVERSION = YES;
				CLANG_WARN_DIRECT_OBJC_ISA_USAGE = YES_ERROR;
				CLANG_WARN_EMPTY_BODY = YES;
				CLANG_WARN_ENUM_CONVERSION = YES;
				CLANG_WARN_INT_CONVERSION = YES;
				CLANG_WARN_OBJC_ROOT_CLASS = YES_ERROR;
				CLANG_WARN_UNREACHABLE_CODE = YES;
				CLANG_WARN__DUPLICATE_METHOD_MATCH = YES;
				"CODE_SIGN_IDENTITY[sdk=iphoneos*]" = "iPhone Developer";
				COPY_PHASE_STRIP = NO;
				DEBUG_INFORMATION_FORMAT = "dwarf-with-dsym";
				ENABLE_NS_ASSERTIONS = NO;
				ENABLE_STRICT_OBJC_MSGSEND = YES;
				GCC_C_LANGUAGE_STANDARD = gnu99;
				GCC_NO_COMMON_BLOCKS = YES;
				GCC_WARN_64_TO_32_BIT_CONVERSION = YES;
				GCC_WARN_ABOUT_RETURN_TYPE = YES_ERROR;
				GCC_WARN_UNDECLARED_SELECTOR = YES;
				GCC_WARN_UNINITIALIZED_AUTOS = YES_AGGRESSIVE;
				GCC_WARN_UNUSED_FUNCTION = YES;
				GCC_WARN_UNUSED_VARIABLE = YES;
				IPHONEOS_DEPLOYMENT_TARGET = 8.3;
				MTL_ENABLE_DEBUG_INFO = NO;
				SDKROOT = iphoneos;
				VALIDATE_PRODUCT = YES;
			};
			name = Release;
		};
		CABDB3A81AFFC030008CF3E1 /* Debug */ = {
			isa = XCBuildConfiguration;
			buildSettings = {
				ASSETCATALOG_COMPILER_APPICON_NAME = AppIcon;
				INFOPLIST_FILE = GolfNation/Info.plist;
				LD_RUNPATH_SEARCH_PATHS = "$(inherited) @executable_path/Frameworks";
				PRODUCT_NAME = "$(TARGET_NAME)";
			};
			name = Debug;
		};
		CABDB3A91AFFC030008CF3E1 /* Release */ = {
			isa = XCBuildConfiguration;
			buildSettings = {
				ASSETCATALOG_COMPILER_APPICON_NAME = AppIcon;
				INFOPLIST_FILE = GolfNation/Info.plist;
				LD_RUNPATH_SEARCH_PATHS = "$(inherited) @executable_path/Frameworks";
				PRODUCT_NAME = "$(TARGET_NAME)";
			};
			name = Release;
		};
		CABDB3AB1AFFC030008CF3E1 /* Debug */ = {
			isa = XCBuildConfiguration;
			buildSettings = {
				BUNDLE_LOADER = "$(TEST_HOST)";
				FRAMEWORK_SEARCH_PATHS = (
					"$(SDKROOT)/Developer/Library/Frameworks",
					"$(inherited)",
				);
				GCC_PREPROCESSOR_DEFINITIONS = (
					"DEBUG=1",
					"$(inherited)",
				);
				INFOPLIST_FILE = GolfNationTests/Info.plist;
				LD_RUNPATH_SEARCH_PATHS = "$(inherited) @executable_path/Frameworks @loader_path/Frameworks";
				PRODUCT_NAME = "$(TARGET_NAME)";
				TEST_HOST = "$(BUILT_PRODUCTS_DIR)/GolfNation.app/GolfNation";
			};
			name = Debug;
		};
		CABDB3AC1AFFC030008CF3E1 /* Release */ = {
			isa = XCBuildConfiguration;
			buildSettings = {
				BUNDLE_LOADER = "$(TEST_HOST)";
				FRAMEWORK_SEARCH_PATHS = (
					"$(SDKROOT)/Developer/Library/Frameworks",
					"$(inherited)",
				);
				INFOPLIST_FILE = GolfNationTests/Info.plist;
				LD_RUNPATH_SEARCH_PATHS = "$(inherited) @executable_path/Frameworks @loader_path/Frameworks";
				PRODUCT_NAME = "$(TARGET_NAME)";
				TEST_HOST = "$(BUILT_PRODUCTS_DIR)/GolfNation.app/GolfNation";
			};
			name = Release;
		};
/* End XCBuildConfiguration section */

/* Begin XCConfigurationList section */
		CABDB37F1AFFC030008CF3E1 /* Build configuration list for PBXProject "GolfNation" */ = {
			isa = XCConfigurationList;
			buildConfigurations = (
				CABDB3A51AFFC030008CF3E1 /* Debug */,
				CABDB3A61AFFC030008CF3E1 /* Release */,
			);
			defaultConfigurationIsVisible = 0;
			defaultConfigurationName = Release;
		};
		CABDB3A71AFFC030008CF3E1 /* Build configuration list for PBXNativeTarget "GolfNation" */ = {
			isa = XCConfigurationList;
			buildConfigurations = (
				CABDB3A81AFFC030008CF3E1 /* Debug */,
				CABDB3A91AFFC030008CF3E1 /* Release */,
			);
			defaultConfigurationIsVisible = 0;
		};
		CABDB3AA1AFFC030008CF3E1 /* Build configuration list for PBXNativeTarget "GolfNationTests" */ = {
			isa = XCConfigurationList;
			buildConfigurations = (
				CABDB3AB1AFFC030008CF3E1 /* Debug */,
				CABDB3AC1AFFC030008CF3E1 /* Release */,
			);
			defaultConfigurationIsVisible = 0;
		};
/* End XCConfigurationList section */
	};
	rootObject = CABDB37C1AFFC030008CF3E1 /* Project object */;
}
